// !$*UTF8*$!
{
	archiveVersion = 1;
	classes = {
	};
	objectVersion = 56;
	objects = {

/* Begin PBXBuildFile section */
		454E6BC228E2DFED003B0DFE /* AppDelegate.swift in Sources */ = {isa = PBXBuildFile; fileRef = 454E6BC128E2DFED003B0DFE /* AppDelegate.swift */; };
		454E6BC428E2DFED003B0DFE /* SceneDelegate.swift in Sources */ = {isa = PBXBuildFile; fileRef = 454E6BC328E2DFED003B0DFE /* SceneDelegate.swift */; };
		454E6BC628E2DFED003B0DFE /* ViewController.swift in Sources */ = {isa = PBXBuildFile; fileRef = 454E6BC528E2DFED003B0DFE /* ViewController.swift */; };
		454E6BC928E2DFED003B0DFE /* Main.storyboard in Resources */ = {isa = PBXBuildFile; fileRef = 454E6BC728E2DFED003B0DFE /* Main.storyboard */; };
		454E6BCB28E2DFEF003B0DFE /* Assets.xcassets in Resources */ = {isa = PBXBuildFile; fileRef = 454E6BCA28E2DFEF003B0DFE /* Assets.xcassets */; };
		454E6BCE28E2DFEF003B0DFE /* LaunchScreen.storyboard in Resources */ = {isa = PBXBuildFile; fileRef = 454E6BCC28E2DFEF003B0DFE /* LaunchScreen.storyboard */; };
		454E6BD628E2E040003B0DFE /* ImageViewController.swift in Sources */ = {isa = PBXBuildFile; fileRef = 454E6BD528E2E040003B0DFE /* ImageViewController.swift */; };
		454E6BD928E2E05F003B0DFE /* lamp_off.png in Resources */ = {isa = PBXBuildFile; fileRef = 454E6BD728E2E05F003B0DFE /* lamp_off.png */; };
		454E6BDA28E2E05F003B0DFE /* lamp_on.png in Resources */ = {isa = PBXBuildFile; fileRef = 454E6BD828E2E05F003B0DFE /* lamp_on.png */; };
		454E6BDC28E2E06F003B0DFE /* DateViewController.swift in Sources */ = {isa = PBXBuildFile; fileRef = 454E6BDB28E2E06F003B0DFE /* DateViewController.swift */; };
		454E6BDE28E2E68C003B0DFE /* File.png in Resources */ = {isa = PBXBuildFile; fileRef = 454E6BDD28E2E68C003B0DFE /* File.png */; };
		45CDB23A28E5FACB0090DD86 /* images in Resources */ = {isa = PBXBuildFile; fileRef = 45CDB23928E5FACA0090DD86 /* images */; };
		45CDB23C28E5FB180090DD86 /* PickerViewController.swift in Sources */ = {isa = PBXBuildFile; fileRef = 45CDB23B28E5FB180090DD86 /* PickerViewController.swift */; };
/* End PBXBuildFile section */

/* Begin PBXFileReference section */
		454E6BBE28E2DFED003B0DFE /* Tab.app */ = {isa = PBXFileReference; explicitFileType = wrapper.application; includeInIndex = 0; path = Tab.app; sourceTree = BUILT_PRODUCTS_DIR; };
		454E6BC128E2DFED003B0DFE /* AppDelegate.swift */ = {isa = PBXFileReference; lastKnownFileType = sourcecode.swift; path = AppDelegate.swift; sourceTree = "<group>"; };
		454E6BC328E2DFED003B0DFE /* SceneDelegate.swift */ = {isa = PBXFileReference; lastKnownFileType = sourcecode.swift; path = SceneDelegate.swift; sourceTree = "<group>"; };
		454E6BC528E2DFED003B0DFE /* ViewController.swift */ = {isa = PBXFileReference; lastKnownFileType = sourcecode.swift; path = ViewController.swift; sourceTree = "<group>"; };
		454E6BC828E2DFED003B0DFE /* Base */ = {isa = PBXFileReference; lastKnownFileType = file.storyboard; name = Base; path = Base.lproj/Main.storyboard; sourceTree = "<group>"; };
		454E6BCA28E2DFEF003B0DFE /* Assets.xcassets */ = {isa = PBXFileReference; lastKnownFileType = folder.assetcatalog; path = Assets.xcassets; sourceTree = "<group>"; };
		454E6BCD28E2DFEF003B0DFE /* Base */ = {isa = PBXFileReference; lastKnownFileType = file.storyboard; name = Base; path = Base.lproj/LaunchScreen.storyboard; sourceTree = "<group>"; };
		454E6BCF28E2DFEF003B0DFE /* Info.plist */ = {isa = PBXFileReference; lastKnownFileType = text.plist.xml; path = Info.plist; sourceTree = "<group>"; };
		454E6BD528E2E040003B0DFE /* ImageViewController.swift */ = {isa = PBXFileReference; fileEncoding = 4; lastKnownFileType = sourcecode.swift; path = ImageViewController.swift; sourceTree = "<group>"; };
		454E6BD728E2E05F003B0DFE /* lamp_off.png */ = {isa = PBXFileReference; lastKnownFileType = image.png; path = lamp_off.png; sourceTree = "<group>"; };
		454E6BD828E2E05F003B0DFE /* lamp_on.png */ = {isa = PBXFileReference; lastKnownFileType = image.png; path = lamp_on.png; sourceTree = "<group>"; };
		454E6BDB28E2E06F003B0DFE /* DateViewController.swift */ = {isa = PBXFileReference; fileEncoding = 4; lastKnownFileType = sourcecode.swift; path = DateViewController.swift; sourceTree = "<group>"; };
		454E6BDD28E2E68C003B0DFE /* File.png */ = {isa = PBXFileReference; lastKnownFileType = image.png; path = File.png; sourceTree = "<group>"; };
		45CDB23928E5FACA0090DD86 /* images */ = {isa = PBXFileReference; lastKnownFileType = folder; path = images; sourceTree = "<group>"; };
		45CDB23B28E5FB180090DD86 /* PickerViewController.swift */ = {isa = PBXFileReference; fileEncoding = 4; lastKnownFileType = sourcecode.swift; path = PickerViewController.swift; sourceTree = "<group>"; };
/* End PBXFileReference section */

/* Begin PBXFrameworksBuildPhase section */
		454E6BBB28E2DFED003B0DFE /* Frameworks */ = {
			isa = PBXFrameworksBuildPhase;
			buildActionMask = 2147483647;
			files = (
			);
			runOnlyForDeploymentPostprocessing = 0;
		};
/* End PBXFrameworksBuildPhase section */

/* Begin PBXGroup section */
		454E6BB528E2DFED003B0DFE = {
			isa = PBXGroup;
			children = (
				454E6BC028E2DFED003B0DFE /* Tab */,
				454E6BBF28E2DFED003B0DFE /* Products */,
			);
			sourceTree = "<group>";
		};
		454E6BBF28E2DFED003B0DFE /* Products */ = {
			isa = PBXGroup;
			children = (
				454E6BBE28E2DFED003B0DFE /* Tab.app */,
			);
			name = Products;
			sourceTree = "<group>";
		};
		454E6BC028E2DFED003B0DFE /* Tab */ = {
			isa = PBXGroup;
			children = (
				454E6BC128E2DFED003B0DFE /* AppDelegate.swift */,
				454E6BC328E2DFED003B0DFE /* SceneDelegate.swift */,
				454E6BC528E2DFED003B0DFE /* ViewController.swift */,
				454E6BC728E2DFED003B0DFE /* Main.storyboard */,
				454E6BCA28E2DFEF003B0DFE /* Assets.xcassets */,
				454E6BCC28E2DFEF003B0DFE /* LaunchScreen.storyboard */,
				454E6BCF28E2DFEF003B0DFE /* Info.plist */,
				454E6BDD28E2E68C003B0DFE /* File.png */,
				454E6BD528E2E040003B0DFE /* ImageViewController.swift */,
				454E6BD728E2E05F003B0DFE /* lamp_off.png */,
				454E6BD828E2E05F003B0DFE /* lamp_on.png */,
				454E6BDB28E2E06F003B0DFE /* DateViewController.swift */,
				45CDB23B28E5FB180090DD86 /* PickerViewController.swift */,
				45CDB23928E5FACA0090DD86 /* images */,
			);
			path = Tab;
			sourceTree = "<group>";
		};
/* End PBXGroup section */

/* Begin PBXNativeTarget section */
		454E6BBD28E2DFED003B0DFE /* Tab */ = {
			isa = PBXNativeTarget;
			buildConfigurationList = 454E6BD228E2DFEF003B0DFE /* Build configuration list for PBXNativeTarget "Tab" */;
			buildPhases = (
				454E6BBA28E2DFED003B0DFE /* Sources */,
				454E6BBB28E2DFED003B0DFE /* Frameworks */,
				454E6BBC28E2DFED003B0DFE /* Resources */,
			);
			buildRules = (
			);
			dependencies = (
			);
			name = Tab;
			productName = Tab;
			productReference = 454E6BBE28E2DFED003B0DFE /* Tab.app */;
			productType = "com.apple.product-type.application";
		};
/* End PBXNativeTarget section */

/* Begin PBXProject section */
		454E6BB628E2DFED003B0DFE /* Project object */ = {
			isa = PBXProject;
			attributes = {
				BuildIndependentTargetsInParallel = 1;
				LastSwiftUpdateCheck = 1400;
				LastUpgradeCheck = 1400;
				TargetAttributes = {
					454E6BBD28E2DFED003B0DFE = {
						CreatedOnToolsVersion = 14.0;
					};
				};
			};
			buildConfigurationList = 454E6BB928E2DFED003B0DFE /* Build configuration list for PBXProject "Tab" */;
			compatibilityVersion = "Xcode 14.0";
			developmentRegion = en;
			hasScannedForEncodings = 0;
			knownRegions = (
				en,
				Base,
			);
			mainGroup = 454E6BB528E2DFED003B0DFE;
			productRefGroup = 454E6BBF28E2DFED003B0DFE /* Products */;
			projectDirPath = "";
			projectRoot = "";
			targets = (
				454E6BBD28E2DFED003B0DFE /* Tab */,
			);
		};
/* End PBXProject section */

/* Begin PBXResourcesBuildPhase section */
		454E6BBC28E2DFED003B0DFE /* Resources */ = {
			isa = PBXResourcesBuildPhase;
			buildActionMask = 2147483647;
			files = (
				454E6BCE28E2DFEF003B0DFE /* LaunchScreen.storyboard in Resources */,
				454E6BCB28E2DFEF003B0DFE /* Assets.xcassets in Resources */,
				454E6BDA28E2E05F003B0DFE /* lamp_on.png in Resources */,
				454E6BDE28E2E68C003B0DFE /* File.png in Resources */,
				454E6BC928E2DFED003B0DFE /* Main.storyboard in Resources */,
				45CDB23A28E5FACB0090DD86 /* images in Resources */,
				454E6BD928E2E05F003B0DFE /* lamp_off.png in Resources */,
			);
			runOnlyForDeploymentPostprocessing = 0;
		};
/* End PBXResourcesBuildPhase section */

/* Begin PBXSourcesBuildPhase section */
		454E6BBA28E2DFED003B0DFE /* Sources */ = {
			isa = PBXSourcesBuildPhase;
			buildActionMask = 2147483647;
			files = (
				45CDB23C28E5FB180090DD86 /* PickerViewController.swift in Sources */,
				454E6BDC28E2E06F003B0DFE /* DateViewController.swift in Sources */,
				454E6BC628E2DFED003B0DFE /* ViewController.swift in Sources */,
				454E6BC228E2DFED003B0DFE /* AppDelegate.swift in Sources */,
				454E6BD628E2E040003B0DFE /* ImageViewController.swift in Sources */,
				454E6BC428E2DFED003B0DFE /* SceneDelegate.swift in Sources */,
			);
			runOnlyForDeploymentPostprocessing = 0;
		};
/* End PBXSourcesBuildPhase section */

/* Begin PBXVariantGroup section */
		454E6BC728E2DFED003B0DFE /* Main.storyboard */ = {
			isa = PBXVariantGroup;
			children = (
				454E6BC828E2DFED003B0DFE /* Base */,
			);
			name = Main.storyboard;
			sourceTree = "<group>";
		};
		454E6BCC28E2DFEF003B0DFE /* LaunchScreen.storyboard */ = {
			isa = PBXVariantGroup;
			children = (
				454E6BCD28E2DFEF003B0DFE /* Base */,
			);
			name = LaunchScreen.storyboard;
			sourceTree = "<group>";
		};
/* End PBXVariantGroup section */

/* Begin XCBuildConfiguration section */
		454E6BD028E2DFEF003B0DFE /* Debug */ = {
			isa = XCBuildConfiguration;
			buildSettings = {
				ALWAYS_SEARCH_USER_PATHS = NO;
				CLANG_ANALYZER_NONNULL = YES;
				CLANG_ANALYZER_NUMBER_OBJECT_CONVERSION = YES_AGGRESSIVE;
				CLANG_CXX_LANGUAGE_STANDARD = "gnu++20";
				CLANG_ENABLE_MODULES = YES;
				CLANG_ENABLE_OBJC_ARC = YES;
				CLANG_ENABLE_OBJC_WEAK = YES;
				CLANG_WARN_BLOCK_CAPTURE_AUTORELEASING = YES;
				CLANG_WARN_BOOL_CONVERSION = YES;
				CLANG_WARN_COMMA = YES;
				CLANG_WARN_CONSTANT_CONVERSION = YES;
				CLANG_WARN_DEPRECATED_OBJC_IMPLEMENTATIONS = YES;
				CLANG_WARN_DIRECT_OBJC_ISA_USAGE = YES_ERROR;
				CLANG_WARN_DOCUMENTATION_COMMENTS = YES;
				CLANG_WARN_EMPTY_BODY = YES;
				CLANG_WARN_ENUM_CONVERSION = YES;
				CLANG_WARN_INFINITE_RECURSION = YES;
				CLANG_WARN_INT_CONVERSION = YES;
				CLANG_WARN_NON_LITERAL_NULL_CONVERSION = YES;
				CLANG_WARN_OBJC_IMPLICIT_RETAIN_SELF = YES;
				CLANG_WARN_OBJC_LITERAL_CONVERSION = YES;
				CLANG_WARN_OBJC_ROOT_CLASS = YES_ERROR;
				CLANG_WARN_QUOTED_INCLUDE_IN_FRAMEWORK_HEADER = YES;
				CLANG_WARN_RANGE_LOOP_ANALYSIS = YES;
				CLANG_WARN_STRICT_PROTOTYPES = YES;
				CLANG_WARN_SUSPICIOUS_MOVE = YES;
				CLANG_WARN_UNGUARDED_AVAILABILITY = YES_AGGRESSIVE;
				CLANG_WARN_UNREACHABLE_CODE = YES;
				CLANG_WARN__DUPLICATE_METHOD_MATCH = YES;
				COPY_PHASE_STRIP = NO;
				DEBUG_INFORMATION_FORMAT = dwarf;
				ENABLE_STRICT_OBJC_MSGSEND = YES;
				ENABLE_TESTABILITY = YES;
				GCC_C_LANGUAGE_STANDARD = gnu11;
				GCC_DYNAMIC_NO_PIC = NO;
				GCC_NO_COMMON_BLOCKS = YES;
				GCC_OPTIMIZATION_LEVEL = 0;
				GCC_PREPROCESSOR_DEFINITIONS = (
					"DEBUG=1",
					"$(inherited)",
				);
				GCC_WARN_64_TO_32_BIT_CONVERSION = YES;
				GCC_WARN_ABOUT_RETURN_TYPE = YES_ERROR;
				GCC_WARN_UNDECLARED_SELECTOR = YES;
				GCC_WARN_UNINITIALIZED_AUTOS = YES_AGGRESSIVE;
				GCC_WARN_UNUSED_FUNCTION = YES;
				GCC_WARN_UNUSED_VARIABLE = YES;
				IPHONEOS_DEPLOYMENT_TARGET = 16.0;
				MTL_ENABLE_DEBUG_INFO = INCLUDE_SOURCE;
				MTL_FAST_MATH = YES;
				ONLY_ACTIVE_ARCH = YES;
				SDKROOT = iphoneos;
				SWIFT_ACTIVE_COMPILATION_CONDITIONS = DEBUG;
				SWIFT_OPTIMIZATION_LEVEL = "-Onone";
			};
			name = Debug;
		};
		454E6BD128E2DFEF003B0DFE /* Release */ = {
			isa = XCBuildConfiguration;
			buildSettings = {
				ALWAYS_SEARCH_USER_PATHS = NO;
				CLANG_ANALYZER_NONNULL = YES;
				CLANG_ANALYZER_NUMBER_OBJECT_CONVERSION = YES_AGGRESSIVE;
				CLANG_CXX_LANGUAGE_STANDARD = "gnu++20";
				CLANG_ENABLE_MODULES = YES;
				CLANG_ENABLE_OBJC_ARC = YES;
				CLANG_ENABLE_OBJC_WEAK = YES;
				CLANG_WARN_BLOCK_CAPTURE_AUTORELEASING = YES;
				CLANG_WARN_BOOL_CONVERSION = YES;
				CLANG_WARN_COMMA = YES;
				CLANG_WARN_CONSTANT_CONVERSION = YES;
				CLANG_WARN_DEPRECATED_OBJC_IMPLEMENTATIONS = YES;
				CLANG_WARN_DIRECT_OBJC_ISA_USAGE = YES_ERROR;
				CLANG_WARN_DOCUMENTATION_COMMENTS = YES;
				CLANG_WARN_EMPTY_BODY = YES;
				CLANG_WARN_ENUM_CONVERSION = YES;
				CLANG_WARN_INFINITE_RECURSION = YES;
				CLANG_WARN_INT_CONVERSION = YES;
				CLANG_WARN_NON_LITERAL_NULL_CONVERSION = YES;
				CLANG_WARN_OBJC_IMPLICIT_RETAIN_SELF = YES;
				CLANG_WARN_OBJC_LITERAL_CONVERSION = YES;
				CLANG_WARN_OBJC_ROOT_CLASS = YES_ERROR;
				CLANG_WARN_QUOTED_INCLUDE_IN_FRAMEWORK_HEADER = YES;
				CLANG_WARN_RANGE_LOOP_ANALYSIS = YES;
				CLANG_WARN_STRICT_PROTOTYPES = YES;
				CLANG_WARN_SUSPICIOUS_MOVE = YES;
				CLANG_WARN_UNGUARDED_AVAILABILITY = YES_AGGRESSIVE;
				CLANG_WARN_UNREACHABLE_CODE = YES;
				CLANG_WARN__DUPLICATE_METHOD_MATCH = YES;
				COPY_PHASE_STRIP = NO;
				DEBUG_INFORMATION_FORMAT = "dwarf-with-dsym";
				ENABLE_NS_ASSERTIONS = NO;
				ENABLE_STRICT_OBJC_MSGSEND = YES;
				GCC_C_LANGUAGE_STANDARD = gnu11;
				GCC_NO_COMMON_BLOCKS = YES;
				GCC_WARN_64_TO_32_BIT_CONVERSION = YES;
				GCC_WARN_ABOUT_RETURN_TYPE = YES_ERROR;
				GCC_WARN_UNDECLARED_SELECTOR = YES;
				GCC_WARN_UNINITIALIZED_AUTOS = YES_AGGRESSIVE;
				GCC_WARN_UNUSED_FUNCTION = YES;
				GCC_WARN_UNUSED_VARIABLE = YES;
				IPHONEOS_DEPLOYMENT_TARGET = 16.0;
				MTL_ENABLE_DEBUG_INFO = NO;
				MTL_FAST_MATH = YES;
				SDKROOT = iphoneos;
				SWIFT_COMPILATION_MODE = wholemodule;
				SWIFT_OPTIMIZATION_LEVEL = "-O";
				VALIDATE_PRODUCT = YES;
			};
			name = Release;
		};
		454E6BD328E2DFEF003B0DFE /* Debug */ = {
			isa = XCBuildConfiguration;
			buildSettings = {
				ASSETCATALOG_COMPILER_APPICON_NAME = AppIcon;
				ASSETCATALOG_COMPILER_GLOBAL_ACCENT_COLOR_NAME = AccentColor;
				CODE_SIGN_STYLE = Automatic;
				CURRENT_PROJECT_VERSION = 1;
				DEVELOPMENT_TEAM = XPL4T42EXH;
				GENERATE_INFOPLIST_FILE = YES;
				INFOPLIST_FILE = Tab/Info.plist;
				INFOPLIST_KEY_UIApplicationSupportsIndirectInputEvents = YES;
				INFOPLIST_KEY_UILaunchStoryboardName = LaunchScreen;
				INFOPLIST_KEY_UIMainStoryboardFile = Main;
				INFOPLIST_KEY_UISupportedInterfaceOrientations_iPad = "UIInterfaceOrientationPortrait UIInterfaceOrientationPortraitUpsideDown UIInterfaceOrientationLandscapeLeft UIInterfaceOrientationLandscapeRight";
				INFOPLIST_KEY_UISupportedInterfaceOrientations_iPhone = "UIInterfaceOrientationPortrait UIInterfaceOrientationLandscapeLeft UIInterfaceOrientationLandscapeRight";
				LD_RUNPATH_SEARCH_PATHS = (
					"$(inherited)",
					"@executable_path/Frameworks",
				);
				MARKETING_VERSION = 1.0;
				PRODUCT_BUNDLE_IDENTIFIER = KB.Tab;
				PRODUCT_NAME = "$(TARGET_NAME)";
				SWIFT_EMIT_LOC_STRINGS = YES;
				SWIFT_VERSION = 5.0;
				TARGETED_DEVICE_FAMILY = "1,2";
			};
			name = Debug;
		};
		454E6BD428E2DFEF003B0DFE /* Release */ = {
			isa = XCBuildConfiguration;
			buildSettings = {
				ASSETCATALOG_COMPILER_APPICON_NAME = AppIcon;
				ASSETCATALOG_COMPILER_GLOBAL_ACCENT_COLOR_NAME = AccentColor;
				CODE_SIGN_STYLE = Automatic;
				CURRENT_PROJECT_VERSION = 1;
				DEVELOPMENT_TEAM = XPL4T42EXH;
				GENERATE_INFOPLIST_FILE = YES;
				INFOPLIST_FILE = Tab/Info.plist;
				INFOPLIST_KEY_UIApplicationSupportsIndirectInputEvents = YES;
				INFOPLIST_KEY_UILaunchStoryboardName = LaunchScreen;
				INFOPLIST_KEY_UIMainStoryboardFile = Main;
				INFOPLIST_KEY_UISupportedInterfaceOrientations_iPad = "UIInterfaceOrientationPortrait UIInterfaceOrientationPortraitUpsideDown UIInterfaceOrientationLandscapeLeft UIInterfaceOrientationLandscapeRight";
				INFOPLIST_KEY_UISupportedInterfaceOrientations_iPhone = "UIInterfaceOrientationPortrait UIInterfaceOrientationLandscapeLeft UIInterfaceOrientationLandscapeRight";
				LD_RUNPATH_SEARCH_PATHS = (
					"$(inherited)",
					"@executable_path/Frameworks",
				);
				MARKETING_VERSION = 1.0;
				PRODUCT_BUNDLE_IDENTIFIER = KB.Tab;
				PRODUCT_NAME = "$(TARGET_NAME)";
				SWIFT_EMIT_LOC_STRINGS = YES;
				SWIFT_VERSION = 5.0;
				TARGETED_DEVICE_FAMILY = "1,2";
			};
			name = Release;
		};
/* End XCBuildConfiguration section */

/* Begin XCConfigurationList section */
		454E6BB928E2DFED003B0DFE /* Build configuration list for PBXProject "Tab" */ = {
			isa = XCConfigurationList;
			buildConfigurations = (
				454E6BD028E2DFEF003B0DFE /* Debug */,
				454E6BD128E2DFEF003B0DFE /* Release */,
			);
			defaultConfigurationIsVisible = 0;
			defaultConfigurationName = Release;
		};
		454E6BD228E2DFEF003B0DFE /* Build configuration list for PBXNativeTarget "Tab" */ = {
			isa = XCConfigurationList;
			buildConfigurations = (
				454E6BD328E2DFEF003B0DFE /* Debug */,
				454E6BD428E2DFEF003B0DFE /* Release */,
			);
			defaultConfigurationIsVisible = 0;
			defaultConfigurationName = Release;
		};
/* End XCConfigurationList section */
	};
	rootObject = 454E6BB628E2DFED003B0DFE /* Project object */;
}
